
Microsoft Visual Studio Solution File, Format Version 12.00
# Visual Studio Version 17
VisualStudioVersion = 17.7.34031.279
MinimumVisualStudioVersion = 10.0.40219.1
Project("{FAE04EC0-301F-11D3-BF4B-00C04F79EFBC}") = "whiteboardfizzbuzz", "whiteboardfizzbuzz.csproj", "{DCE6397C-E30D-453F-8D60-8249AD6F6485}"
EndProject
Global
	GlobalSection(SolutionConfigurationPlatforms) = preSolution
		Debug|Any CPU = Debug|Any CPU
		Release|Any CPU = Release|Any CPU
	EndGlobalSection
	GlobalSection(ProjectConfigurationPlatforms) = postSolution
		{DCE6397C-E30D-453F-8D60-8249AD6F6485}.Debug|Any CPU.ActiveCfg = Debug|Any CPU
		{DCE6397C-E30D-453F-8D60-8249AD6F6485}.Debug|Any CPU.Build.0 = Debug|Any CPU
		{DCE6397C-E30D-453F-8D60-8249AD6F6485}.Release|Any CPU.ActiveCfg = Release|Any CPU
		{DCE6397C-E30D-453F-8D60-8249AD6F6485}.Release|Any CPU.Build.0 = Release|Any CPU
	EndGlobalSection
	GlobalSection(SolutionProperties) = preSolution
		HideSolutionNode = FALSE
	EndGlobalSection
	GlobalSection(ExtensibilityGlobals) = postSolution
		SolutionGuid = {641ECD44-9295-43F3-90C6-FC1FEBB4E194}
	EndGlobalSection
EndGlobal
